# This file is automatically @generated by Poetry 2.1.3 and should not be changed by hand.

[[package]]
name = "proxmoxer"
version = "2.2.0"
description = "Python Wrapper for the Proxmox 2.x API (HTTP and SSH)"
optional = false
python-versions = "*"
groups = ["main"]
files = [
    {file = "proxmoxer-2.2.0-py3-none-any.whl", hash = "sha256:7e4431fd38e1a9321eedf6d860ddc373fc2b29ce1845fa8b072d7580d99f6b90"},
    {file = "proxmoxer-2.2.0.tar.gz", hash = "sha256:3ed63a58e5c0822841afdb3801f9d913a4996955c1c54f7319b5842ba2615006"},
]

[metadata]
lock-version = "2.1"
python-versions = ">=3.12"
content-hash = "08ca07fbfd3b446460e0fa2e778e6709c42acc1d9716bfac37c4e2af10cf69c5"
