# This file is automatically @generated by Poetry 1.8.4 and should not be changed by hand.

[[package]]
name = "proxmoxer"
version = "2.2.0"
description = "Python Wrapper for the Proxmox 2.x API (HTTP and SSH)"
optional = false
python-versions = "*"
files = [
    {file = "proxmoxer-2.2.0-py3-none-any.whl", hash = "sha256:7e4431fd38e1a9321eedf6d860ddc373fc2b29ce1845fa8b072d7580d99f6b90"},
    {file = "proxmoxer-2.2.0.tar.gz", hash = "sha256:3ed63a58e5c0822841afdb3801f9d913a4996955c1c54f7319b5842ba2615006"},
]

[metadata]
lock-version = "2.0"
python-versions = "^3.12"
content-hash = "4e4939040304dffb8afc08dd475ce800e21009d13687d7306cc2abb8e4e12a2b"
